
Microsoft Visual Studio Solution File, Format Version 12.00
# Visual Studio Version 17
VisualStudioVersion = 17.8.34330.188
MinimumVisualStudioVersion = 10.0.40219.1
Project("{9A19103F-16F7-4668-BE54-9A1E7A4F7556}") = "IconEditor", "IconEditor\IconEditor.csproj", "{C5AFB365-D672-497D-867C-0342597BF41C}"
EndProject
Global
	GlobalSection(SolutionConfigurationPlatforms) = preSolution
		Debug|Any CPU = Debug|Any CPU
		Release|Any CPU = Release|Any CPU
	EndGlobalSection
	GlobalSection(ProjectConfigurationPlatforms) = postSolution
		{C5AFB365-D672-497D-867C-0342597BF41C}.Debug|Any CPU.ActiveCfg = Debug|Any CPU
		{C5AFB365-D672-497D-867C-0342597BF41C}.Debug|Any CPU.Build.0 = Debug|Any CPU
		{C5AFB365-D672-497D-867C-0342597BF41C}.Release|Any CPU.ActiveCfg = Release|Any CPU
		{C5AFB365-D672-497D-867C-0342597BF41C}.Release|Any CPU.Build.0 = Release|Any CPU
	EndGlobalSection
	GlobalSection(SolutionProperties) = preSolution
		HideSolutionNode = FALSE
	EndGlobalSection
	GlobalSection(ExtensibilityGlobals) = postSolution
		SolutionGuid = {3F221CE9-A0F5-46B7-9BC6-1A74CA9A90F5}
	EndGlobalSection
EndGlobal
